// !$*UTF8*$!
{
	archiveVersion = 1;
	classes = {
	};
	objectVersion = 51;
	objects = {

/* Begin PBXBuildFile section */
		4E4A0B766C9C283A95135D4E /* Pods_ReScribeTests.framework in Frameworks */ = {isa = PBXBuildFile; fileRef = C681C1313ED525A051A03082 /* Pods_ReScribeTests.framework */; };
		6A0377FD245994AC00D322E1 /* Users.swift in Sources */ = {isa = PBXBuildFile; fileRef = 6A0377FC245994AC00D322E1 /* Users.swift */; };
		6A0377FF2459C35B00D322E1 /* Groups.swift in Sources */ = {isa = PBXBuildFile; fileRef = 6A0377FE2459C35B00D322E1 /* Groups.swift */; };
		6A23119B2449FEF3000E1B09 /* Subscriptions.swift in Sources */ = {isa = PBXBuildFile; fileRef = 6AF184BD2446314900F97692 /* Subscriptions.swift */; };
		6ACC3085244E14AE00802849 /* Plans.swift in Sources */ = {isa = PBXBuildFile; fileRef = 6ACC3084244E14AE00802849 /* Plans.swift */; };
		6ADEAEE4246040A200D1850C /* ReScribeTests.swift in Sources */ = {isa = PBXBuildFile; fileRef = 6ADEAEE3246040A200D1850C /* ReScribeTests.swift */; };
		6AEBEA2E241672D6008D14D5 /* AppDelegate.swift in Sources */ = {isa = PBXBuildFile; fileRef = 6AEBEA2D241672D6008D14D5 /* AppDelegate.swift */; };
		6AEBEA30241672D6008D14D5 /* SceneDelegate.swift in Sources */ = {isa = PBXBuildFile; fileRef = 6AEBEA2F241672D6008D14D5 /* SceneDelegate.swift */; };
		6AEBEA32241672D6008D14D5 /* HomeViewController.swift in Sources */ = {isa = PBXBuildFile; fileRef = 6AEBEA31241672D6008D14D5 /* HomeViewController.swift */; };
		6AEBEA37241672D6008D14D5 /* Main.storyboard in Resources */ = {isa = PBXBuildFile; fileRef = 6AEBEA35241672D6008D14D5 /* Main.storyboard */; };
		6AEBEA39241672D9008D14D5 /* Assets.xcassets in Resources */ = {isa = PBXBuildFile; fileRef = 6AEBEA38241672D9008D14D5 /* Assets.xcassets */; };
		6AEBEA3C241672D9008D14D5 /* LaunchScreen.storyboard in Resources */ = {isa = PBXBuildFile; fileRef = 6AEBEA3A241672D9008D14D5 /* LaunchScreen.storyboard */; };
		6AEBEA442416737B008D14D5 /* GoogleService-Info.plist in Resources */ = {isa = PBXBuildFile; fileRef = 6AEBEA432416737B008D14D5 /* GoogleService-Info.plist */; };
		6AEBEA4624169076008D14D5 /* Login.storyboard in Resources */ = {isa = PBXBuildFile; fileRef = 6AEBEA4524169076008D14D5 /* Login.storyboard */; };
		6AEBEA49241690D7008D14D5 /* LoginViewController.swift in Sources */ = {isa = PBXBuildFile; fileRef = 6AEBEA48241690D7008D14D5 /* LoginViewController.swift */; };
		8305F44A244DDD4200FEBE51 /* TabBarController.swift in Sources */ = {isa = PBXBuildFile; fileRef = 8305F449244DDD4200FEBE51 /* TabBarController.swift */; };
		835E20192445F1E300C04561 /* SubscrptionViewController.swift in Sources */ = {isa = PBXBuildFile; fileRef = 835E20182445F1E300C04561 /* SubscrptionViewController.swift */; };
		83618434246048050003992B /* ReScribeUITests.swift in Sources */ = {isa = PBXBuildFile; fileRef = 83618433246048050003992B /* ReScribeUITests.swift */; };
		8361843C2462E7C30003992B /* RegisterViewController.swift in Sources */ = {isa = PBXBuildFile; fileRef = 8361843B2462E7C30003992B /* RegisterViewController.swift */; };
		837A0D58241692AB0012A1F3 /* GroupViewController.swift in Sources */ = {isa = PBXBuildFile; fileRef = 837A0D57241692AB0012A1F3 /* GroupViewController.swift */; };
		837A0D612428D0CA0012A1F3 /* UIView+Extension.swift in Sources */ = {isa = PBXBuildFile; fileRef = 837A0D602428D0CA0012A1F3 /* UIView+Extension.swift */; };
		837A0D632428E3730012A1F3 /* SubscriptionAddViewController.swift in Sources */ = {isa = PBXBuildFile; fileRef = 837A0D622428E3730012A1F3 /* SubscriptionAddViewController.swift */; };
		839E5883245825A500B77234 /* AddGroupViewController.swift in Sources */ = {isa = PBXBuildFile; fileRef = 839E5882245825A500B77234 /* AddGroupViewController.swift */; };
		839E58872458382A00B77234 /* SelectedGroupViewController.swift in Sources */ = {isa = PBXBuildFile; fileRef = 839E58862458382A00B77234 /* SelectedGroupViewController.swift */; };
		839E588924585BFA00B77234 /* TableViewCell.swift in Sources */ = {isa = PBXBuildFile; fileRef = 839E588824585BFA00B77234 /* TableViewCell.swift */; };
		83D1F2CE2450813900FE8F4F /* IndvidualUpcomingViewController.swift in Sources */ = {isa = PBXBuildFile; fileRef = 83D1F2CD2450813900FE8F4F /* IndvidualUpcomingViewController.swift */; };
		83D1F2D02451E3B200FE8F4F /* ViewSubscriptionViewController.swift in Sources */ = {isa = PBXBuildFile; fileRef = 83D1F2CF2451E3B200FE8F4F /* ViewSubscriptionViewController.swift */; };
		89CE335F3C40AC7E7D97E203 /* Pods_ReScribe.framework in Frameworks */ = {isa = PBXBuildFile; fileRef = 556AD07E50692B4303D34380 /* Pods_ReScribe.framework */; };
/* End PBXBuildFile section */

/* Begin PBXContainerItemProxy section */
		6ADEAEE6246040A200D1850C /* PBXContainerItemProxy */ = {
			isa = PBXContainerItemProxy;
			containerPortal = 6AEBEA22241672D6008D14D5 /* Project object */;
			proxyType = 1;
			remoteGlobalIDString = 6AEBEA29241672D6008D14D5;
			remoteInfo = ReScribe;
		};
		83618436246048050003992B /* PBXContainerItemProxy */ = {
			isa = PBXContainerItemProxy;
			containerPortal = 6AEBEA22241672D6008D14D5 /* Project object */;
			proxyType = 1;
			remoteGlobalIDString = 6AEBEA29241672D6008D14D5;
			remoteInfo = ReScribe;
		};
/* End PBXContainerItemProxy section */

/* Begin PBXFileReference section */
		47542E2736FA7DE3D93CE1FB /* Pods-ReScribeTests.release.xcconfig */ = {isa = PBXFileReference; includeInIndex = 1; lastKnownFileType = text.xcconfig; name = "Pods-ReScribeTests.release.xcconfig"; path = "Target Support Files/Pods-ReScribeTests/Pods-ReScribeTests.release.xcconfig"; sourceTree = "<group>"; };
		52674C8F659AFB9F6CAEB847 /* Pods-ReScribe.debug.xcconfig */ = {isa = PBXFileReference; includeInIndex = 1; lastKnownFileType = text.xcconfig; name = "Pods-ReScribe.debug.xcconfig"; path = "Target Support Files/Pods-ReScribe/Pods-ReScribe.debug.xcconfig"; sourceTree = "<group>"; };
		556AD07E50692B4303D34380 /* Pods_ReScribe.framework */ = {isa = PBXFileReference; explicitFileType = wrapper.framework; includeInIndex = 0; path = Pods_ReScribe.framework; sourceTree = BUILT_PRODUCTS_DIR; };
		6A0377FC245994AC00D322E1 /* Users.swift */ = {isa = PBXFileReference; lastKnownFileType = sourcecode.swift; path = Users.swift; sourceTree = "<group>"; };
		6A0377FE2459C35B00D322E1 /* Groups.swift */ = {isa = PBXFileReference; lastKnownFileType = sourcecode.swift; path = Groups.swift; sourceTree = "<group>"; };
		6ACC3084244E14AE00802849 /* Plans.swift */ = {isa = PBXFileReference; lastKnownFileType = sourcecode.swift; path = Plans.swift; sourceTree = "<group>"; };
		6ADEAEE1246040A200D1850C /* ReScribeTests.xctest */ = {isa = PBXFileReference; explicitFileType = wrapper.cfbundle; includeInIndex = 0; path = ReScribeTests.xctest; sourceTree = BUILT_PRODUCTS_DIR; };
		6ADEAEE3246040A200D1850C /* ReScribeTests.swift */ = {isa = PBXFileReference; lastKnownFileType = sourcecode.swift; path = ReScribeTests.swift; sourceTree = "<group>"; };
		6ADEAEE5246040A200D1850C /* Info.plist */ = {isa = PBXFileReference; lastKnownFileType = text.plist.xml; path = Info.plist; sourceTree = "<group>"; };
		6AEBEA2A241672D6008D14D5 /* ReScribe.app */ = {isa = PBXFileReference; explicitFileType = wrapper.application; includeInIndex = 0; path = ReScribe.app; sourceTree = BUILT_PRODUCTS_DIR; };
		6AEBEA2D241672D6008D14D5 /* AppDelegate.swift */ = {isa = PBXFileReference; lastKnownFileType = sourcecode.swift; path = AppDelegate.swift; sourceTree = "<group>"; };
		6AEBEA2F241672D6008D14D5 /* SceneDelegate.swift */ = {isa = PBXFileReference; lastKnownFileType = sourcecode.swift; path = SceneDelegate.swift; sourceTree = "<group>"; };
		6AEBEA31241672D6008D14D5 /* HomeViewController.swift */ = {isa = PBXFileReference; lastKnownFileType = sourcecode.swift; path = HomeViewController.swift; sourceTree = "<group>"; };
		6AEBEA36241672D6008D14D5 /* Base */ = {isa = PBXFileReference; lastKnownFileType = file.storyboard; name = Base; path = Base.lproj/Main.storyboard; sourceTree = "<group>"; };
		6AEBEA38241672D9008D14D5 /* Assets.xcassets */ = {isa = PBXFileReference; lastKnownFileType = folder.assetcatalog; path = Assets.xcassets; sourceTree = "<group>"; };
		6AEBEA3B241672D9008D14D5 /* Base */ = {isa = PBXFileReference; lastKnownFileType = file.storyboard; name = Base; path = Base.lproj/LaunchScreen.storyboard; sourceTree = "<group>"; };
		6AEBEA3D241672D9008D14D5 /* Info.plist */ = {isa = PBXFileReference; lastKnownFileType = text.plist.xml; path = Info.plist; sourceTree = "<group>"; };
		6AEBEA432416737B008D14D5 /* GoogleService-Info.plist */ = {isa = PBXFileReference; fileEncoding = 4; lastKnownFileType = text.plist.xml; path = "GoogleService-Info.plist"; sourceTree = "<group>"; };
		6AEBEA4524169076008D14D5 /* Login.storyboard */ = {isa = PBXFileReference; lastKnownFileType = file.storyboard; path = Login.storyboard; sourceTree = "<group>"; };
		6AEBEA48241690D7008D14D5 /* LoginViewController.swift */ = {isa = PBXFileReference; lastKnownFileType = sourcecode.swift; path = LoginViewController.swift; sourceTree = "<group>"; };
		6AF184BD2446314900F97692 /* Subscriptions.swift */ = {isa = PBXFileReference; lastKnownFileType = sourcecode.swift; path = Subscriptions.swift; sourceTree = "<group>"; };
		6CA6DB4A251C35578B4A7C9E /* Pods-ReScribe.release.xcconfig */ = {isa = PBXFileReference; includeInIndex = 1; lastKnownFileType = text.xcconfig; name = "Pods-ReScribe.release.xcconfig"; path = "Target Support Files/Pods-ReScribe/Pods-ReScribe.release.xcconfig"; sourceTree = "<group>"; };
		8305F449244DDD4200FEBE51 /* TabBarController.swift */ = {isa = PBXFileReference; lastKnownFileType = sourcecode.swift; path = TabBarController.swift; sourceTree = "<group>"; };
		835E20182445F1E300C04561 /* SubscrptionViewController.swift */ = {isa = PBXFileReference; lastKnownFileType = sourcecode.swift; path = SubscrptionViewController.swift; sourceTree = "<group>"; };
		83618431246048050003992B /* ReScribeUITests.xctest */ = {isa = PBXFileReference; explicitFileType = wrapper.cfbundle; includeInIndex = 0; path = ReScribeUITests.xctest; sourceTree = BUILT_PRODUCTS_DIR; };
		83618433246048050003992B /* ReScribeUITests.swift */ = {isa = PBXFileReference; lastKnownFileType = sourcecode.swift; path = ReScribeUITests.swift; sourceTree = "<group>"; };
		83618435246048050003992B /* Info.plist */ = {isa = PBXFileReference; lastKnownFileType = text.plist.xml; path = Info.plist; sourceTree = "<group>"; };
		8361843B2462E7C30003992B /* RegisterViewController.swift */ = {isa = PBXFileReference; lastKnownFileType = sourcecode.swift; path = RegisterViewController.swift; sourceTree = "<group>"; };
		837A0D57241692AB0012A1F3 /* GroupViewController.swift */ = {isa = PBXFileReference; lastKnownFileType = sourcecode.swift; path = GroupViewController.swift; sourceTree = "<group>"; };
		837A0D602428D0CA0012A1F3 /* UIView+Extension.swift */ = {isa = PBXFileReference; lastKnownFileType = sourcecode.swift; path = "UIView+Extension.swift"; sourceTree = "<group>"; };
		837A0D622428E3730012A1F3 /* SubscriptionAddViewController.swift */ = {isa = PBXFileReference; lastKnownFileType = sourcecode.swift; path = SubscriptionAddViewController.swift; sourceTree = "<group>"; };
		839E5882245825A500B77234 /* AddGroupViewController.swift */ = {isa = PBXFileReference; lastKnownFileType = sourcecode.swift; path = AddGroupViewController.swift; sourceTree = "<group>"; };
		839E58862458382A00B77234 /* SelectedGroupViewController.swift */ = {isa = PBXFileReference; lastKnownFileType = sourcecode.swift; path = SelectedGroupViewController.swift; sourceTree = "<group>"; };
		839E588824585BFA00B77234 /* TableViewCell.swift */ = {isa = PBXFileReference; lastKnownFileType = sourcecode.swift; path = TableViewCell.swift; sourceTree = "<group>"; };
		83D1F2CD2450813900FE8F4F /* IndvidualUpcomingViewController.swift */ = {isa = PBXFileReference; lastKnownFileType = sourcecode.swift; path = IndvidualUpcomingViewController.swift; sourceTree = "<group>"; };
		83D1F2CF2451E3B200FE8F4F /* ViewSubscriptionViewController.swift */ = {isa = PBXFileReference; lastKnownFileType = sourcecode.swift; path = ViewSubscriptionViewController.swift; sourceTree = "<group>"; };
		9D257BFF12F0A8FBCBF9A640 /* Pods-ReScribeTests.debug.xcconfig */ = {isa = PBXFileReference; includeInIndex = 1; lastKnownFileType = text.xcconfig; name = "Pods-ReScribeTests.debug.xcconfig"; path = "Target Support Files/Pods-ReScribeTests/Pods-ReScribeTests.debug.xcconfig"; sourceTree = "<group>"; };
		C681C1313ED525A051A03082 /* Pods_ReScribeTests.framework */ = {isa = PBXFileReference; explicitFileType = wrapper.framework; includeInIndex = 0; path = Pods_ReScribeTests.framework; sourceTree = BUILT_PRODUCTS_DIR; };
/* End PBXFileReference section */

/* Begin PBXFrameworksBuildPhase section */
		6ADEAEDE246040A200D1850C /* Frameworks */ = {
			isa = PBXFrameworksBuildPhase;
			buildActionMask = 2147483647;
			files = (
				4E4A0B766C9C283A95135D4E /* Pods_ReScribeTests.framework in Frameworks */,
			);
			runOnlyForDeploymentPostprocessing = 0;
		};
		6AEBEA27241672D6008D14D5 /* Frameworks */ = {
			isa = PBXFrameworksBuildPhase;
			buildActionMask = 2147483647;
			files = (
				89CE335F3C40AC7E7D97E203 /* Pods_ReScribe.framework in Frameworks */,
			);
			runOnlyForDeploymentPostprocessing = 0;
		};
		8361842E246048050003992B /* Frameworks */ = {
			isa = PBXFrameworksBuildPhase;
			buildActionMask = 2147483647;
			files = (
			);
			runOnlyForDeploymentPostprocessing = 0;
		};
/* End PBXFrameworksBuildPhase section */

/* Begin PBXGroup section */
		02AF78EA745C25A0ACC71758 /* Pods */ = {
			isa = PBXGroup;
			children = (
				52674C8F659AFB9F6CAEB847 /* Pods-ReScribe.debug.xcconfig */,
				6CA6DB4A251C35578B4A7C9E /* Pods-ReScribe.release.xcconfig */,
				9D257BFF12F0A8FBCBF9A640 /* Pods-ReScribeTests.debug.xcconfig */,
				47542E2736FA7DE3D93CE1FB /* Pods-ReScribeTests.release.xcconfig */,
			);
			path = Pods;
			sourceTree = "<group>";
		};
		52B1281DABEA2977F9F48C1D /* Frameworks */ = {
			isa = PBXGroup;
			children = (
				556AD07E50692B4303D34380 /* Pods_ReScribe.framework */,
				C681C1313ED525A051A03082 /* Pods_ReScribeTests.framework */,
			);
			name = Frameworks;
			sourceTree = "<group>";
		};
		6ADEAEE2246040A200D1850C /* ReScribeTests */ = {
			isa = PBXGroup;
			children = (
				6ADEAEE3246040A200D1850C /* ReScribeTests.swift */,
				6ADEAEE5246040A200D1850C /* Info.plist */,
			);
			path = ReScribeTests;
			sourceTree = "<group>";
		};
		6AEBEA21241672D6008D14D5 = {
			isa = PBXGroup;
			children = (
				6AEBEA2C241672D6008D14D5 /* ReScribe */,
				6ADEAEE2246040A200D1850C /* ReScribeTests */,
				83618432246048050003992B /* ReScribeUITests */,
				6AEBEA2B241672D6008D14D5 /* Products */,
				02AF78EA745C25A0ACC71758 /* Pods */,
				52B1281DABEA2977F9F48C1D /* Frameworks */,
			);
			sourceTree = "<group>";
		};
		6AEBEA2B241672D6008D14D5 /* Products */ = {
			isa = PBXGroup;
			children = (
				6AEBEA2A241672D6008D14D5 /* ReScribe.app */,
				6ADEAEE1246040A200D1850C /* ReScribeTests.xctest */,
				83618431246048050003992B /* ReScribeUITests.xctest */,
			);
			name = Products;
			sourceTree = "<group>";
		};
		6AEBEA2C241672D6008D14D5 /* ReScribe */ = {
			isa = PBXGroup;
			children = (
				837A0D5E241696340012A1F3 /* Extensions */,
				6AEBEA4A241690E5008D14D5 /* Main */,
				6AEBEA472416909E008D14D5 /* Login */,
				6AEBEA2D241672D6008D14D5 /* AppDelegate.swift */,
				6AEBEA2F241672D6008D14D5 /* SceneDelegate.swift */,
				6AEBEA432416737B008D14D5 /* GoogleService-Info.plist */,
				6AEBEA38241672D9008D14D5 /* Assets.xcassets */,
				6AEBEA3A241672D9008D14D5 /* LaunchScreen.storyboard */,
				6AEBEA3D241672D9008D14D5 /* Info.plist */,
			);
			path = ReScribe;
			sourceTree = "<group>";
		};
		6AEBEA472416909E008D14D5 /* Login */ = {
			isa = PBXGroup;
			children = (
				6AEBEA4524169076008D14D5 /* Login.storyboard */,
				6AEBEA48241690D7008D14D5 /* LoginViewController.swift */,
				8361843B2462E7C30003992B /* RegisterViewController.swift */,
			);
			path = Login;
			sourceTree = "<group>";
		};
		6AEBEA4A241690E5008D14D5 /* Main */ = {
			isa = PBXGroup;
			children = (
				6AF184BD2446314900F97692 /* Subscriptions.swift */,
				6AEBEA35241672D6008D14D5 /* Main.storyboard */,
				8305F449244DDD4200FEBE51 /* TabBarController.swift */,
				6AEBEA31241672D6008D14D5 /* HomeViewController.swift */,
				837A0D57241692AB0012A1F3 /* GroupViewController.swift */,
				837A0D622428E3730012A1F3 /* SubscriptionAddViewController.swift */,
				835E20182445F1E300C04561 /* SubscrptionViewController.swift */,
				6ACC3084244E14AE00802849 /* Plans.swift */,
				83D1F2CD2450813900FE8F4F /* IndvidualUpcomingViewController.swift */,
				83D1F2CF2451E3B200FE8F4F /* ViewSubscriptionViewController.swift */,
				839E5882245825A500B77234 /* AddGroupViewController.swift */,
				839E58862458382A00B77234 /* SelectedGroupViewController.swift */,
				839E588824585BFA00B77234 /* TableViewCell.swift */,
				6A0377FC245994AC00D322E1 /* Users.swift */,
				6A0377FE2459C35B00D322E1 /* Groups.swift */,
			);
			path = Main;
			sourceTree = "<group>";
		};
		83618432246048050003992B /* ReScribeUITests */ = {
			isa = PBXGroup;
			children = (
				83618433246048050003992B /* ReScribeUITests.swift */,
				83618435246048050003992B /* Info.plist */,
			);
			path = ReScribeUITests;
			sourceTree = "<group>";
		};
		837A0D5E241696340012A1F3 /* Extensions */ = {
			isa = PBXGroup;
			children = (
				837A0D602428D0CA0012A1F3 /* UIView+Extension.swift */,
			);
			path = Extensions;
			sourceTree = "<group>";
		};
/* End PBXGroup section */

/* Begin PBXNativeTarget section */
		6ADEAEE0246040A200D1850C /* ReScribeTests */ = {
			isa = PBXNativeTarget;
			buildConfigurationList = 6ADEAEE8246040A200D1850C /* Build configuration list for PBXNativeTarget "ReScribeTests" */;
			buildPhases = (
				15100B5DCCBE81BEA100F9DA /* [CP] Check Pods Manifest.lock */,
				6ADEAEDD246040A200D1850C /* Sources */,
				6ADEAEDE246040A200D1850C /* Frameworks */,
				6ADEAEDF246040A200D1850C /* Resources */,
				81AE8795793072772C3CE5BA /* [CP] Embed Pods Frameworks */,
			);
			buildRules = (
			);
			dependencies = (
				6ADEAEE7246040A200D1850C /* PBXTargetDependency */,
			);
			name = ReScribeTests;
			productName = ReScribeTests;
			productReference = 6ADEAEE1246040A200D1850C /* ReScribeTests.xctest */;
			productType = "com.apple.product-type.bundle.unit-test";
		};
		6AEBEA29241672D6008D14D5 /* ReScribe */ = {
			isa = PBXNativeTarget;
			buildConfigurationList = 6AEBEA40241672D9008D14D5 /* Build configuration list for PBXNativeTarget "ReScribe" */;
			buildPhases = (
				7843B8FD69CDF41BC511D25D /* [CP] Check Pods Manifest.lock */,
				6AEBEA26241672D6008D14D5 /* Sources */,
				6AEBEA27241672D6008D14D5 /* Frameworks */,
				6AEBEA28241672D6008D14D5 /* Resources */,
				F36078A0287D311E69DE2130 /* [CP] Embed Pods Frameworks */,
			);
			buildRules = (
			);
			dependencies = (
			);
			name = ReScribe;
			productName = ReScribe;
			productReference = 6AEBEA2A241672D6008D14D5 /* ReScribe.app */;
			productType = "com.apple.product-type.application";
		};
		83618430246048050003992B /* ReScribeUITests */ = {
			isa = PBXNativeTarget;
			buildConfigurationList = 8361843A246048050003992B /* Build configuration list for PBXNativeTarget "ReScribeUITests" */;
			buildPhases = (
				8361842D246048050003992B /* Sources */,
				8361842E246048050003992B /* Frameworks */,
				8361842F246048050003992B /* Resources */,
			);
			buildRules = (
			);
			dependencies = (
				83618437246048050003992B /* PBXTargetDependency */,
			);
			name = ReScribeUITests;
			productName = ReScribeUITests;
			productReference = 83618431246048050003992B /* ReScribeUITests.xctest */;
			productType = "com.apple.product-type.bundle.ui-testing";
		};
/* End PBXNativeTarget section */

/* Begin PBXProject section */
		6AEBEA22241672D6008D14D5 /* Project object */ = {
			isa = PBXProject;
			attributes = {
				LastSwiftUpdateCheck = 1140;
				LastUpgradeCheck = 1130;
				ORGANIZATIONNAME = "Simon Andersen";
				TargetAttributes = {
					6ADEAEE0246040A200D1850C = {
						CreatedOnToolsVersion = 11.4.1;
						TestTargetID = 6AEBEA29241672D6008D14D5;
					};
					6AEBEA29241672D6008D14D5 = {
						CreatedOnToolsVersion = 11.3.1;
					};
					83618430246048050003992B = {
						CreatedOnToolsVersion = 11.4.1;
						TestTargetID = 6AEBEA29241672D6008D14D5;
					};
				};
			};
			buildConfigurationList = 6AEBEA25241672D6008D14D5 /* Build configuration list for PBXProject "ReScribe" */;
			compatibilityVersion = "Xcode 9.3";
			developmentRegion = en;
			hasScannedForEncodings = 0;
			knownRegions = (
				en,
				Base,
			);
			mainGroup = 6AEBEA21241672D6008D14D5;
			productRefGroup = 6AEBEA2B241672D6008D14D5 /* Products */;
			projectDirPath = "";
			projectRoot = "";
			targets = (
				6AEBEA29241672D6008D14D5 /* ReScribe */,
				6ADEAEE0246040A200D1850C /* ReScribeTests */,
				83618430246048050003992B /* ReScribeUITests */,
			);
		};
/* End PBXProject section */

/* Begin PBXResourcesBuildPhase section */
		6ADEAEDF246040A200D1850C /* Resources */ = {
			isa = PBXResourcesBuildPhase;
			buildActionMask = 2147483647;
			files = (
			);
			runOnlyForDeploymentPostprocessing = 0;
		};
		6AEBEA28241672D6008D14D5 /* Resources */ = {
			isa = PBXResourcesBuildPhase;
			buildActionMask = 2147483647;
			files = (
				6AEBEA3C241672D9008D14D5 /* LaunchScreen.storyboard in Resources */,
				6AEBEA4624169076008D14D5 /* Login.storyboard in Resources */,
				6AEBEA442416737B008D14D5 /* GoogleService-Info.plist in Resources */,
				6AEBEA39241672D9008D14D5 /* Assets.xcassets in Resources */,
				6AEBEA37241672D6008D14D5 /* Main.storyboard in Resources */,
			);
			runOnlyForDeploymentPostprocessing = 0;
		};
		8361842F246048050003992B /* Resources */ = {
			isa = PBXResourcesBuildPhase;
			buildActionMask = 2147483647;
			files = (
			);
			runOnlyForDeploymentPostprocessing = 0;
		};
/* End PBXResourcesBuildPhase section */

/* Begin PBXShellScriptBuildPhase section */
		15100B5DCCBE81BEA100F9DA /* [CP] Check Pods Manifest.lock */ = {
			isa = PBXShellScriptBuildPhase;
			buildActionMask = 2147483647;
			files = (
			);
			inputFileListPaths = (
			);
			inputPaths = (
				"${PODS_PODFILE_DIR_PATH}/Podfile.lock",
				"${PODS_ROOT}/Manifest.lock",
			);
			name = "[CP] Check Pods Manifest.lock";
			outputFileListPaths = (
			);
			outputPaths = (
				"$(DERIVED_FILE_DIR)/Pods-ReScribeTests-checkManifestLockResult.txt",
			);
			runOnlyForDeploymentPostprocessing = 0;
			shellPath = /bin/sh;
			shellScript = "diff \"${PODS_PODFILE_DIR_PATH}/Podfile.lock\" \"${PODS_ROOT}/Manifest.lock\" > /dev/null\nif [ $? != 0 ] ; then\n    # print error to STDERR\n    echo \"error: The sandbox is not in sync with the Podfile.lock. Run 'pod install' or update your CocoaPods installation.\" >&2\n    exit 1\nfi\n# This output is used by Xcode 'outputs' to avoid re-running this script phase.\necho \"SUCCESS\" > \"${SCRIPT_OUTPUT_FILE_0}\"\n";
			showEnvVarsInLog = 0;
		};
		7843B8FD69CDF41BC511D25D /* [CP] Check Pods Manifest.lock */ = {
			isa = PBXShellScriptBuildPhase;
			buildActionMask = 2147483647;
			files = (
			);
			inputFileListPaths = (
			);
			inputPaths = (
				"${PODS_PODFILE_DIR_PATH}/Podfile.lock",
				"${PODS_ROOT}/Manifest.lock",
			);
			name = "[CP] Check Pods Manifest.lock";
			outputFileListPaths = (
			);
			outputPaths = (
				"$(DERIVED_FILE_DIR)/Pods-ReScribe-checkManifestLockResult.txt",
			);
			runOnlyForDeploymentPostprocessing = 0;
			shellPath = /bin/sh;
			shellScript = "diff \"${PODS_PODFILE_DIR_PATH}/Podfile.lock\" \"${PODS_ROOT}/Manifest.lock\" > /dev/null\nif [ $? != 0 ] ; then\n    # print error to STDERR\n    echo \"error: The sandbox is not in sync with the Podfile.lock. Run 'pod install' or update your CocoaPods installation.\" >&2\n    exit 1\nfi\n# This output is used by Xcode 'outputs' to avoid re-running this script phase.\necho \"SUCCESS\" > \"${SCRIPT_OUTPUT_FILE_0}\"\n";
			showEnvVarsInLog = 0;
		};
		81AE8795793072772C3CE5BA /* [CP] Embed Pods Frameworks */ = {
			isa = PBXShellScriptBuildPhase;
			buildActionMask = 2147483647;
			files = (
			);
			inputFileListPaths = (
				"${PODS_ROOT}/Target Support Files/Pods-ReScribeTests/Pods-ReScribeTests-frameworks-${CONFIGURATION}-input-files.xcfilelist",
			);
			name = "[CP] Embed Pods Frameworks";
			outputFileListPaths = (
				"${PODS_ROOT}/Target Support Files/Pods-ReScribeTests/Pods-ReScribeTests-frameworks-${CONFIGURATION}-output-files.xcfilelist",
			);
			runOnlyForDeploymentPostprocessing = 0;
			shellPath = /bin/sh;
			shellScript = "\"${PODS_ROOT}/Target Support Files/Pods-ReScribeTests/Pods-ReScribeTests-frameworks.sh\"\n";
			showEnvVarsInLog = 0;
		};
		F36078A0287D311E69DE2130 /* [CP] Embed Pods Frameworks */ = {
			isa = PBXShellScriptBuildPhase;
			buildActionMask = 2147483647;
			files = (
			);
			inputFileListPaths = (
				"${PODS_ROOT}/Target Support Files/Pods-ReScribe/Pods-ReScribe-frameworks-${CONFIGURATION}-input-files.xcfilelist",
			);
			name = "[CP] Embed Pods Frameworks";
			outputFileListPaths = (
				"${PODS_ROOT}/Target Support Files/Pods-ReScribe/Pods-ReScribe-frameworks-${CONFIGURATION}-output-files.xcfilelist",
			);
			runOnlyForDeploymentPostprocessing = 0;
			shellPath = /bin/sh;
			shellScript = "\"${PODS_ROOT}/Target Support Files/Pods-ReScribe/Pods-ReScribe-frameworks.sh\"\n";
			showEnvVarsInLog = 0;
		};
/* End PBXShellScriptBuildPhase section */

/* Begin PBXSourcesBuildPhase section */
		6ADEAEDD246040A200D1850C /* Sources */ = {
			isa = PBXSourcesBuildPhase;
			buildActionMask = 2147483647;
			files = (
				6ADEAEE4246040A200D1850C /* ReScribeTests.swift in Sources */,
			);
			runOnlyForDeploymentPostprocessing = 0;
		};
		6AEBEA26241672D6008D14D5 /* Sources */ = {
			isa = PBXSourcesBuildPhase;
			buildActionMask = 2147483647;
			files = (
				837A0D58241692AB0012A1F3 /* GroupViewController.swift in Sources */,
				839E58872458382A00B77234 /* SelectedGroupViewController.swift in Sources */,
				839E5883245825A500B77234 /* AddGroupViewController.swift in Sources */,
				83D1F2CE2450813900FE8F4F /* IndvidualUpcomingViewController.swift in Sources */,
				8361843C2462E7C30003992B /* RegisterViewController.swift in Sources */,
				837A0D612428D0CA0012A1F3 /* UIView+Extension.swift in Sources */,
				837A0D632428E3730012A1F3 /* SubscriptionAddViewController.swift in Sources */,
				6ACC3085244E14AE00802849 /* Plans.swift in Sources */,
				6AEBEA32241672D6008D14D5 /* HomeViewController.swift in Sources */,
				839E588924585BFA00B77234 /* TableViewCell.swift in Sources */,
				835E20192445F1E300C04561 /* SubscrptionViewController.swift in Sources */,
				6A0377FD245994AC00D322E1 /* Users.swift in Sources */,
				83D1F2D02451E3B200FE8F4F /* ViewSubscriptionViewController.swift in Sources */,
				6AEBEA2E241672D6008D14D5 /* AppDelegate.swift in Sources */,
				6A0377FF2459C35B00D322E1 /* Groups.swift in Sources */,
				6AEBEA49241690D7008D14D5 /* LoginViewController.swift in Sources */,
				8305F44A244DDD4200FEBE51 /* TabBarController.swift in Sources */,
				6AEBEA30241672D6008D14D5 /* SceneDelegate.swift in Sources */,
				6A23119B2449FEF3000E1B09 /* Subscriptions.swift in Sources */,
			);
			runOnlyForDeploymentPostprocessing = 0;
		};
		8361842D246048050003992B /* Sources */ = {
			isa = PBXSourcesBuildPhase;
			buildActionMask = 2147483647;
			files = (
				83618434246048050003992B /* ReScribeUITests.swift in Sources */,
			);
			runOnlyForDeploymentPostprocessing = 0;
		};
/* End PBXSourcesBuildPhase section */

/* Begin PBXTargetDependency section */
		6ADEAEE7246040A200D1850C /* PBXTargetDependency */ = {
			isa = PBXTargetDependency;
			target = 6AEBEA29241672D6008D14D5 /* ReScribe */;
			targetProxy = 6ADEAEE6246040A200D1850C /* PBXContainerItemProxy */;
		};
		83618437246048050003992B /* PBXTargetDependency */ = {
			isa = PBXTargetDependency;
			target = 6AEBEA29241672D6008D14D5 /* ReScribe */;
			targetProxy = 83618436246048050003992B /* PBXContainerItemProxy */;
		};
/* End PBXTargetDependency section */

/* Begin PBXVariantGroup section */
		6AEBEA35241672D6008D14D5 /* Main.storyboard */ = {
			isa = PBXVariantGroup;
			children = (
				6AEBEA36241672D6008D14D5 /* Base */,
			);
			name = Main.storyboard;
			sourceTree = "<group>";
		};
		6AEBEA3A241672D9008D14D5 /* LaunchScreen.storyboard */ = {
			isa = PBXVariantGroup;
			children = (
				6AEBEA3B241672D9008D14D5 /* Base */,
			);
			name = LaunchScreen.storyboard;
			sourceTree = "<group>";
		};
/* End PBXVariantGroup section */

/* Begin XCBuildConfiguration section */
		6ADEAEE9246040A200D1850C /* Debug */ = {
			isa = XCBuildConfiguration;
			baseConfigurationReference = 9D257BFF12F0A8FBCBF9A640 /* Pods-ReScribeTests.debug.xcconfig */;
			buildSettings = {
				BUNDLE_LOADER = "$(TEST_HOST)";
				CODE_SIGN_STYLE = Automatic;
				DEVELOPMENT_TEAM = G6TSQJ6DQ5;
				INFOPLIST_FILE = ReScribeTests/Info.plist;
				IPHONEOS_DEPLOYMENT_TARGET = 13.4;
				LD_RUNPATH_SEARCH_PATHS = (
					"$(inherited)",
					"@executable_path/Frameworks",
					"@loader_path/Frameworks",
				);
				PRODUCT_BUNDLE_IDENTIFIER = dtu.diplom.s185083.ReScribeTests;
				PRODUCT_NAME = "$(TARGET_NAME)";
				SWIFT_VERSION = 5.0;
				TARGETED_DEVICE_FAMILY = "1,2";
				TEST_HOST = "$(BUILT_PRODUCTS_DIR)/ReScribe.app/ReScribe";
			};
			name = Debug;
		};
		6ADEAEEA246040A200D1850C /* Release */ = {
			isa = XCBuildConfiguration;
			baseConfigurationReference = 47542E2736FA7DE3D93CE1FB /* Pods-ReScribeTests.release.xcconfig */;
			buildSettings = {
				BUNDLE_LOADER = "$(TEST_HOST)";
				CODE_SIGN_STYLE = Automatic;
				DEVELOPMENT_TEAM = G6TSQJ6DQ5;
				INFOPLIST_FILE = ReScribeTests/Info.plist;
				IPHONEOS_DEPLOYMENT_TARGET = 13.4;
				LD_RUNPATH_SEARCH_PATHS = (
					"$(inherited)",
					"@executable_path/Frameworks",
					"@loader_path/Frameworks",
				);
				PRODUCT_BUNDLE_IDENTIFIER = dtu.diplom.s185083.ReScribeTests;
				PRODUCT_NAME = "$(TARGET_NAME)";
				SWIFT_VERSION = 5.0;
				TARGETED_DEVICE_FAMILY = "1,2";
				TEST_HOST = "$(BUILT_PRODUCTS_DIR)/ReScribe.app/ReScribe";
			};
			name = Release;
		};
		6AEBEA3E241672D9008D14D5 /* Debug */ = {
			isa = XCBuildConfiguration;
			buildSettings = {
				ALWAYS_SEARCH_USER_PATHS = NO;
				CLANG_ANALYZER_NONNULL = YES;
				CLANG_ANALYZER_NUMBER_OBJECT_CONVERSION = YES_AGGRESSIVE;
				CLANG_CXX_LANGUAGE_STANDARD = "gnu++14";
				CLANG_CXX_LIBRARY = "libc++";
				CLANG_ENABLE_MODULES = YES;
				CLANG_ENABLE_OBJC_ARC = YES;
				CLANG_ENABLE_OBJC_WEAK = YES;
				CLANG_WARN_BLOCK_CAPTURE_AUTORELEASING = YES;
				CLANG_WARN_BOOL_CONVERSION = YES;
				CLANG_WARN_COMMA = YES;
				CLANG_WARN_CONSTANT_CONVERSION = YES;
				CLANG_WARN_DEPRECATED_OBJC_IMPLEMENTATIONS = YES;
				CLANG_WARN_DIRECT_OBJC_ISA_USAGE = YES_ERROR;
				CLANG_WARN_DOCUMENTATION_COMMENTS = YES;
				CLANG_WARN_EMPTY_BODY = YES;
				CLANG_WARN_ENUM_CONVERSION = YES;
				CLANG_WARN_INFINITE_RECURSION = YES;
				CLANG_WARN_INT_CONVERSION = YES;
				CLANG_WARN_NON_LITERAL_NULL_CONVERSION = YES;
				CLANG_WARN_OBJC_IMPLICIT_RETAIN_SELF = YES;
				CLANG_WARN_OBJC_LITERAL_CONVERSION = YES;
				CLANG_WARN_OBJC_ROOT_CLASS = YES_ERROR;
				CLANG_WARN_RANGE_LOOP_ANALYSIS = YES;
				CLANG_WARN_STRICT_PROTOTYPES = YES;
				CLANG_WARN_SUSPICIOUS_MOVE = YES;
				CLANG_WARN_UNGUARDED_AVAILABILITY = YES_AGGRESSIVE;
				CLANG_WARN_UNREACHABLE_CODE = YES;
				CLANG_WARN__DUPLICATE_METHOD_MATCH = YES;
				COPY_PHASE_STRIP = NO;
				DEBUG_INFORMATION_FORMAT = dwarf;
				ENABLE_STRICT_OBJC_MSGSEND = YES;
				ENABLE_TESTABILITY = YES;
				GCC_C_LANGUAGE_STANDARD = gnu11;
				GCC_DYNAMIC_NO_PIC = NO;
				GCC_NO_COMMON_BLOCKS = YES;
				GCC_OPTIMIZATION_LEVEL = 0;
				GCC_PREPROCESSOR_DEFINITIONS = (
					"DEBUG=1",
					"$(inherited)",
				);
				GCC_WARN_64_TO_32_BIT_CONVERSION = YES;
				GCC_WARN_ABOUT_RETURN_TYPE = YES_ERROR;
				GCC_WARN_UNDECLARED_SELECTOR = YES;
				GCC_WARN_UNINITIALIZED_AUTOS = YES_AGGRESSIVE;
				GCC_WARN_UNUSED_FUNCTION = YES;
				GCC_WARN_UNUSED_VARIABLE = YES;
				IPHONEOS_DEPLOYMENT_TARGET = 12.0;
				MTL_ENABLE_DEBUG_INFO = INCLUDE_SOURCE;
				MTL_FAST_MATH = YES;
				ONLY_ACTIVE_ARCH = YES;
				SDKROOT = iphoneos;
				SWIFT_ACTIVE_COMPILATION_CONDITIONS = DEBUG;
				SWIFT_OPTIMIZATION_LEVEL = "-Onone";
			};
			name = Debug;
		};
		6AEBEA3F241672D9008D14D5 /* Release */ = {
			isa = XCBuildConfiguration;
			buildSettings = {
				ALWAYS_SEARCH_USER_PATHS = NO;
				CLANG_ANALYZER_NONNULL = YES;
				CLANG_ANALYZER_NUMBER_OBJECT_CONVERSION = YES_AGGRESSIVE;
				CLANG_CXX_LANGUAGE_STANDARD = "gnu++14";
				CLANG_CXX_LIBRARY = "libc++";
				CLANG_ENABLE_MODULES = YES;
				CLANG_ENABLE_OBJC_ARC = YES;
				CLANG_ENABLE_OBJC_WEAK = YES;
				CLANG_WARN_BLOCK_CAPTURE_AUTORELEASING = YES;
				CLANG_WARN_BOOL_CONVERSION = YES;
				CLANG_WARN_COMMA = YES;
				CLANG_WARN_CONSTANT_CONVERSION = YES;
				CLANG_WARN_DEPRECATED_OBJC_IMPLEMENTATIONS = YES;
				CLANG_WARN_DIRECT_OBJC_ISA_USAGE = YES_ERROR;
				CLANG_WARN_DOCUMENTATION_COMMENTS = YES;
				CLANG_WARN_EMPTY_BODY = YES;
				CLANG_WARN_ENUM_CONVERSION = YES;
				CLANG_WARN_INFINITE_RECURSION = YES;
				CLANG_WARN_INT_CONVERSION = YES;
				CLANG_WARN_NON_LITERAL_NULL_CONVERSION = YES;
				CLANG_WARN_OBJC_IMPLICIT_RETAIN_SELF = YES;
				CLANG_WARN_OBJC_LITERAL_CONVERSION = YES;
				CLANG_WARN_OBJC_ROOT_CLASS = YES_ERROR;
				CLANG_WARN_RANGE_LOOP_ANALYSIS = YES;
				CLANG_WARN_STRICT_PROTOTYPES = YES;
				CLANG_WARN_SUSPICIOUS_MOVE = YES;
				CLANG_WARN_UNGUARDED_AVAILABILITY = YES_AGGRESSIVE;
				CLANG_WARN_UNREACHABLE_CODE = YES;
				CLANG_WARN__DUPLICATE_METHOD_MATCH = YES;
				COPY_PHASE_STRIP = NO;
				DEBUG_INFORMATION_FORMAT = "dwarf-with-dsym";
				ENABLE_NS_ASSERTIONS = NO;
				ENABLE_STRICT_OBJC_MSGSEND = YES;
				GCC_C_LANGUAGE_STANDARD = gnu11;
				GCC_NO_COMMON_BLOCKS = YES;
				GCC_WARN_64_TO_32_BIT_CONVERSION = YES;
				GCC_WARN_ABOUT_RETURN_TYPE = YES_ERROR;
				GCC_WARN_UNDECLARED_SELECTOR = YES;
				GCC_WARN_UNINITIALIZED_AUTOS = YES_AGGRESSIVE;
				GCC_WARN_UNUSED_FUNCTION = YES;
				GCC_WARN_UNUSED_VARIABLE = YES;
				IPHONEOS_DEPLOYMENT_TARGET = 12.0;
				MTL_ENABLE_DEBUG_INFO = NO;
				MTL_FAST_MATH = YES;
				SDKROOT = iphoneos;
				SWIFT_COMPILATION_MODE = wholemodule;
				SWIFT_OPTIMIZATION_LEVEL = "-O";
				VALIDATE_PRODUCT = YES;
			};
			name = Release;
		};
		6AEBEA41241672D9008D14D5 /* Debug */ = {
			isa = XCBuildConfiguration;
			baseConfigurationReference = 52674C8F659AFB9F6CAEB847 /* Pods-ReScribe.debug.xcconfig */;
			buildSettings = {
				ASSETCATALOG_COMPILER_APPICON_NAME = AppIcon;
				CODE_SIGN_STYLE = Automatic;
				DEVELOPMENT_TEAM = G6TSQJ6DQ5;
				INFOPLIST_FILE = ReScribe/Info.plist;
				LD_RUNPATH_SEARCH_PATHS = (
					"$(inherited)",
					"@executable_path/Frameworks",
				);
				PRODUCT_BUNDLE_IDENTIFIER = dtu.diplom.s185083.ReScribe;
				PRODUCT_NAME = "$(TARGET_NAME)";
				SWIFT_VERSION = 5.0;
				TARGETED_DEVICE_FAMILY = 1;
			};
			name = Debug;
		};
		6AEBEA42241672D9008D14D5 /* Release */ = {
			isa = XCBuildConfiguration;
			baseConfigurationReference = 6CA6DB4A251C35578B4A7C9E /* Pods-ReScribe.release.xcconfig */;
			buildSettings = {
				ASSETCATALOG_COMPILER_APPICON_NAME = AppIcon;
				CODE_SIGN_STYLE = Automatic;
				DEVELOPMENT_TEAM = G6TSQJ6DQ5;
				INFOPLIST_FILE = ReScribe/Info.plist;
				LD_RUNPATH_SEARCH_PATHS = (
					"$(inherited)",
					"@executable_path/Frameworks",
				);
				PRODUCT_BUNDLE_IDENTIFIER = dtu.diplom.s185083.ReScribe;
				PRODUCT_NAME = "$(TARGET_NAME)";
				SWIFT_VERSION = 5.0;
				TARGETED_DEVICE_FAMILY = 1;
			};
			name = Release;
		};
		83618438246048050003992B /* Debug */ = {
			isa = XCBuildConfiguration;
			buildSettings = {
				CODE_SIGN_STYLE = Automatic;
				DEVELOPMENT_TEAM = G6TSQJ6DQ5;
				INFOPLIST_FILE = ReScribeUITests/Info.plist;
				IPHONEOS_DEPLOYMENT_TARGET = 13.4;
				LD_RUNPATH_SEARCH_PATHS = (
					"$(inherited)",
					"@executable_path/Frameworks",
					"@loader_path/Frameworks",
				);
				PRODUCT_BUNDLE_IDENTIFIER = s185117.ReScribeUITests;
				PRODUCT_NAME = "$(TARGET_NAME)";
				SWIFT_VERSION = 5.0;
				TARGETED_DEVICE_FAMILY = "1,2";
				TEST_TARGET_NAME = ReScribe;
			};
			name = Debug;
		};
		83618439246048050003992B /* Release */ = {
			isa = XCBuildConfiguration;
			buildSettings = {
				CODE_SIGN_STYLE = Automatic;
				DEVELOPMENT_TEAM = G6TSQJ6DQ5;
				INFOPLIST_FILE = ReScribeUITests/Info.plist;
				IPHONEOS_DEPLOYMENT_TARGET = 13.4;
				LD_RUNPATH_SEARCH_PATHS = (
					"$(inherited)",
					"@executable_path/Frameworks",
					"@loader_path/Frameworks",
				);
				PRODUCT_BUNDLE_IDENTIFIER = s185117.ReScribeUITests;
				PRODUCT_NAME = "$(TARGET_NAME)";
				SWIFT_VERSION = 5.0;
				TARGETED_DEVICE_FAMILY = "1,2";
				TEST_TARGET_NAME = ReScribe;
			};
			name = Release;
		};
/* End XCBuildConfiguration section */

/* Begin XCConfigurationList section */
		6ADEAEE8246040A200D1850C /* Build configuration list for PBXNativeTarget "ReScribeTests" */ = {
			isa = XCConfigurationList;
			buildConfigurations = (
				6ADEAEE9246040A200D1850C /* Debug */,
				6ADEAEEA246040A200D1850C /* Release */,
			);
			defaultConfigurationIsVisible = 0;
			defaultConfigurationName = Release;
		};
		6AEBEA25241672D6008D14D5 /* Build configuration list for PBXProject "ReScribe" */ = {
			isa = XCConfigurationList;
			buildConfigurations = (
				6AEBEA3E241672D9008D14D5 /* Debug */,
				6AEBEA3F241672D9008D14D5 /* Release */,
			);
			defaultConfigurationIsVisible = 0;
			defaultConfigurationName = Release;
		};
		6AEBEA40241672D9008D14D5 /* Build configuration list for PBXNativeTarget "ReScribe" */ = {
			isa = XCConfigurationList;
			buildConfigurations = (
				6AEBEA41241672D9008D14D5 /* Debug */,
				6AEBEA42241672D9008D14D5 /* Release */,
			);
			defaultConfigurationIsVisible = 0;
			defaultConfigurationName = Release;
		};
		8361843A246048050003992B /* Build configuration list for PBXNativeTarget "ReScribeUITests" */ = {
			isa = XCConfigurationList;
			buildConfigurations = (
				83618438246048050003992B /* Debug */,
				83618439246048050003992B /* Release */,
			);
			defaultConfigurationIsVisible = 0;
			defaultConfigurationName = Release;
		};
/* End XCConfigurationList section */
	};
	rootObject = 6AEBEA22241672D6008D14D5 /* Project object */;
}
